
Microsoft Visual Studio Solution File, Format Version 12.00
# Visual Studio 15
VisualStudioVersion = 15.0.27130.2024
MinimumVisualStudioVersion = 10.0.40219.1
Project("{FAE04EC0-301F-11D3-BF4B-00C04F79EFBC}") = "SimpleWebApp", "SimpleWebApp\SimpleWebApp.csproj", "{0FEA84F6-9025-4F49-BF79-DC9A84521644}"
EndProject
Global
	GlobalSection(SolutionConfigurationPlatforms) = preSolution
		Debug|Any CPU = Debug|Any CPU
		Release|Any CPU = Release|Any CPU
	EndGlobalSection
	GlobalSection(ProjectConfigurationPlatforms) = postSolution
		{0FEA84F6-9025-4F49-BF79-DC9A84521644}.Debug|Any CPU.ActiveCfg = Debug|Any CPU
		{0FEA84F6-9025-4F49-BF79-DC9A84521644}.Debug|Any CPU.Build.0 = Debug|Any CPU
		{0FEA84F6-9025-4F49-BF79-DC9A84521644}.Release|Any CPU.ActiveCfg = Release|Any CPU
		{0FEA84F6-9025-4F49-BF79-DC9A84521644}.Release|Any CPU.Build.0 = Release|Any CPU
	EndGlobalSection
	GlobalSection(SolutionProperties) = preSolution
		HideSolutionNode = FALSE
	EndGlobalSection
	GlobalSection(ExtensibilityGlobals) = postSolution
		SolutionGuid = {DC28CC73-DBA4-47D7-A6A6-3EE2E396A4B5}
	EndGlobalSection
EndGlobal
